
Microsoft Visual Studio Solution File, Format Version 12.00
# Visual Studio Version 17
VisualStudioVersion = 17.4.33213.308
MinimumVisualStudioVersion = 10.0.40219.1
Project("{FAE04EC0-301F-11D3-BF4B-00C04F79EFBC}") = "OOPLaba3_1", "OOPLaba3\OOPLaba3_1.csproj", "{B6737CCD-4984-41F3-8723-29ACF74699EF}"
EndProject
Project("{FAE04EC0-301F-11D3-BF4B-00C04F79EFBC}") = "OOPLaba3_2", "OOPLaba3_2\OOPLaba3_2.csproj", "{37AEF36A-4530-4754-B45E-50E09DC434BF}"
EndProject
Global
	GlobalSection(SolutionConfigurationPlatforms) = preSolution
		Debug|Any CPU = Debug|Any CPU
		Release|Any CPU = Release|Any CPU
	EndGlobalSection
	GlobalSection(ProjectConfigurationPlatforms) = postSolution
		{B6737CCD-4984-41F3-8723-29ACF74699EF}.Debug|Any CPU.ActiveCfg = Debug|Any CPU
		{B6737CCD-4984-41F3-8723-29ACF74699EF}.Debug|Any CPU.Build.0 = Debug|Any CPU
		{B6737CCD-4984-41F3-8723-29ACF74699EF}.Release|Any CPU.ActiveCfg = Release|Any CPU
		{B6737CCD-4984-41F3-8723-29ACF74699EF}.Release|Any CPU.Build.0 = Release|Any CPU
		{37AEF36A-4530-4754-B45E-50E09DC434BF}.Debug|Any CPU.ActiveCfg = Debug|Any CPU
		{37AEF36A-4530-4754-B45E-50E09DC434BF}.Debug|Any CPU.Build.0 = Debug|Any CPU
		{37AEF36A-4530-4754-B45E-50E09DC434BF}.Release|Any CPU.ActiveCfg = Release|Any CPU
		{37AEF36A-4530-4754-B45E-50E09DC434BF}.Release|Any CPU.Build.0 = Release|Any CPU
	EndGlobalSection
	GlobalSection(SolutionProperties) = preSolution
		HideSolutionNode = FALSE
	EndGlobalSection
	GlobalSection(ExtensibilityGlobals) = postSolution
		SolutionGuid = {AA5D362B-895F-4EB5-B482-8E5C6066E054}
	EndGlobalSection
EndGlobal
